PODS:
  - Charts (3.3.0):
    - Charts/Core (= 3.3.0)
  - Charts/Core (3.3.0)
  - Starscream (3.1.0)

DEPENDENCIES:
  - Charts (~> 3.3)
  - Starscream (~> 3.1)

SPEC REPOS:
  https://github.com/cocoapods/specs.git:
    - Charts
    - Starscream

SPEC CHECKSUMS:
  Charts: ec1f57f9340054155691e84d4544a1d239d382c5
  Starscream: 08172b481e145289c4930cb567230fb55897cfa4

PODFILE CHECKSUM: b778cbbe66e4c52c11ff9e06134a52cbf66592cf

COCOAPODS: 1.5.3
