PODS:
  - Charts (3.3.0):
    - Charts/Core (= 3.3.0)
  - Charts/Core (3.3.0)
  - Starscream (3.0.6)

DEPENDENCIES:
  - Charts (~> 3.3)
  - Starscream (~> 3.0.6)

SPEC REPOS:
  https://github.com/cocoapods/specs.git:
    - Charts
    - Starscream

SPEC CHECKSUMS:
  Charts: e0dd4cd8f257bccf98407b58183ddca8e8d5b578
  Starscream: ef3ece99d765eeccb67de105bfa143f929026cf5

PODFILE CHECKSUM: 96968cad4505579e593dbbd9d6b00cdbb4950ec6

COCOAPODS: 1.5.3
