{
  "originHash" : "e72cdd6056925133cc218db77b3098d6007169257bea3b9a9bb89759a6b5d2ef",
  "pins" : [
    {
      "identity" : "charts",
      "kind" : "remoteSourceControl",
      "location" : "https://github.com/danielgindi/Charts.git",
      "state" : {
        "revision" : "07b23476ad52b926be772f317d8f1d4511ee8d02",
        "version" : "4.1.0"
      }
    },
    {
      "identity" : "starscream",
      "kind" : "remoteSourceControl",
      "location" : "https://github.com/daltoniam/Starscream.git",
      "state" : {
        "revision" : "e6b65c6d9077ea48b4a7bdda8994a1d3c6969c8d",
        "version" : "3.1.1"
      }
    },
    {
      "identity" : "swift-algorithms",
      "kind" : "remoteSourceControl",
      "location" : "https://github.com/apple/swift-algorithms",
      "state" : {
        "revision" : "b14b7f4c528c942f121c8b860b9410b2bf57825e",
        "version" : "1.0.0"
      }
    },
    {
      "identity" : "swift-nio-zlib-support",
      "kind" : "remoteSourceControl",
      "location" : "https://github.com/apple/swift-nio-zlib-support.git",
      "state" : {
        "revision" : "37760e9a52030bb9011972c5213c3350fa9d41fd",
        "version" : "1.0.0"
      }
    },
    {
      "identity" : "swift-numerics",
      "kind" : "remoteSourceControl",
      "location" : "https://github.com/apple/swift-numerics",
      "state" : {
        "revision" : "0a5bc04095a675662cf24757cc0640aa2204253b",
        "version" : "1.0.2"
      }
    }
  ],
  "version" : 3
}
